{
  "name": "blog",
  "version": "1.0.0",
  "lockfileVersion": 3,
  "requires": true,
  "packages": {
    "": {
      "name": "blog",
      "version": "1.0.0",
      "license": "CC-BY-NC-SA-4.0",
      "dependencies": {
        "blog": "file:"
      },
      "devDependencies": {
        "husky": "^9.1.4",
        "prettier": "^3.3.3"
      }
    },
    "node_modules/.pnpm/husky@9.1.4/node_modules/husky": {
      "version": "9.1.4",
      "dev": true,
      "license": "MIT",
      "bin": {
        "husky": "bin.js"
      },
      "engines": {
        "node": ">=18"
      },
      "funding": {
        "url": "https://github.com/sponsors/typicode"
      }
    },
    "node_modules/.pnpm/prettier@3.3.3/node_modules/prettier": {
      "version": "3.3.3",
      "dev": true,
      "license": "MIT",
      "bin": {
        "prettier": "bin/prettier.cjs"
      },
      "engines": {
        "node": ">=14"
      },
      "funding": {
        "url": "https://github.com/prettier/prettier?sponsor=1"
      }
    },
    "node_modules/blog": {
      "resolved": "",
      "link": true
    },
    "node_modules/husky": {
      "resolved": "node_modules/.pnpm/husky@9.1.4/node_modules/husky",
      "link": true
    },
    "node_modules/prettier": {
      "resolved": "node_modules/.pnpm/prettier@3.3.3/node_modules/prettier",
      "link": true
    }
  }
}
