lockfileVersion: "9.0"

settings:
  autoInstallPeers: true
  excludeLinksFromLockfile: false

importers:
  .:
    devDependencies:
      husky:
        specifier: ^9.1.4
        version: 9.1.4
      prettier:
        specifier: ^3.3.3
        version: 3.3.3

packages:
  husky@9.1.4:
    resolution:
      {
        integrity: sha512-bho94YyReb4JV7LYWRWxZ/xr6TtOTt8cMfmQ39MQYJ7f/YE268s3GdghGwi+y4zAeqewE5zYLvuhV0M0ijsDEA==,
      }
    engines: { node: ">=18" }
    hasBin: true

  prettier@3.3.3:
    resolution:
      {
        integrity: sha512-i2tDNA0O5IrMO757lfrdQZCc2jPNDVntV0m/+4whiDfWaTKfMNgR7Qz0NAeGz/nRqF4m5/6CLzbP4/liHt12Ew==,
      }
    engines: { node: ">=14" }
    hasBin: true

snapshots:
  husky@9.1.4: {}

  prettier@3.3.3: {}
